
Microsoft Visual Studio Solution File, Format Version 12.00
# Visual Studio Version 16
VisualStudioVersion = 16.0.29709.97
MinimumVisualStudioVersion = 10.0.40219.1
Project("{9A19103F-16F7-4668-BE54-9A1E7A4F7556}") = "Media.Server", "Media\Server\Media.Server.csproj", "{14C285BA-23DE-4460-9443-A4F658F3514C}"
EndProject
Project("{9A19103F-16F7-4668-BE54-9A1E7A4F7556}") = "Media.Client", "Media\Client\Media.Client.csproj", "{ADCDB1EF-AC8D-4586-B3DF-19A965FB9537}"
EndProject
Project("{9A19103F-16F7-4668-BE54-9A1E7A4F7556}") = "Media.Shared", "Media\Shared\Media.Shared.csproj", "{3D8AF98C-B487-4712-98AA-D87DA6C3C033}"
EndProject
Project("{FAE04EC0-301F-11D3-BF4B-00C04F79EFBC}") = "Studio37API", "Studio37API\Studio37API.csproj", "{16D17D65-10F1-4E41-99CA-02AEEB740A77}"
EndProject
Project("{FAE04EC0-301F-11D3-BF4B-00C04F79EFBC}") = "APIGateWay", "APIGateWay\APIGateWay.csproj", "{7C0EAF2F-3982-4378-B179-DA88EA686AB5}"
	ProjectSection(ProjectDependencies) = postProject
		{16D17D65-10F1-4E41-99CA-02AEEB740A77} = {16D17D65-10F1-4E41-99CA-02AEEB740A77}
	EndProjectSection
EndProject
Global
	GlobalSection(SolutionConfigurationPlatforms) = preSolution
		Debug|Any CPU = Debug|Any CPU
		Release|Any CPU = Release|Any CPU
	EndGlobalSection
	GlobalSection(ProjectConfigurationPlatforms) = postSolution
		{14C285BA-23DE-4460-9443-A4F658F3514C}.Debug|Any CPU.ActiveCfg = Debug|Any CPU
		{14C285BA-23DE-4460-9443-A4F658F3514C}.Debug|Any CPU.Build.0 = Debug|Any CPU
		{14C285BA-23DE-4460-9443-A4F658F3514C}.Release|Any CPU.ActiveCfg = Release|Any CPU
		{14C285BA-23DE-4460-9443-A4F658F3514C}.Release|Any CPU.Build.0 = Release|Any CPU
		{ADCDB1EF-AC8D-4586-B3DF-19A965FB9537}.Debug|Any CPU.ActiveCfg = Debug|Any CPU
		{ADCDB1EF-AC8D-4586-B3DF-19A965FB9537}.Debug|Any CPU.Build.0 = Debug|Any CPU
		{ADCDB1EF-AC8D-4586-B3DF-19A965FB9537}.Release|Any CPU.ActiveCfg = Release|Any CPU
		{ADCDB1EF-AC8D-4586-B3DF-19A965FB9537}.Release|Any CPU.Build.0 = Release|Any CPU
		{3D8AF98C-B487-4712-98AA-D87DA6C3C033}.Debug|Any CPU.ActiveCfg = Debug|Any CPU
		{3D8AF98C-B487-4712-98AA-D87DA6C3C033}.Debug|Any CPU.Build.0 = Debug|Any CPU
		{3D8AF98C-B487-4712-98AA-D87DA6C3C033}.Release|Any CPU.ActiveCfg = Release|Any CPU
		{3D8AF98C-B487-4712-98AA-D87DA6C3C033}.Release|Any CPU.Build.0 = Release|Any CPU
		{16D17D65-10F1-4E41-99CA-02AEEB740A77}.Debug|Any CPU.ActiveCfg = Debug|Any CPU
		{16D17D65-10F1-4E41-99CA-02AEEB740A77}.Debug|Any CPU.Build.0 = Debug|Any CPU
		{16D17D65-10F1-4E41-99CA-02AEEB740A77}.Release|Any CPU.ActiveCfg = Release|Any CPU
		{16D17D65-10F1-4E41-99CA-02AEEB740A77}.Release|Any CPU.Build.0 = Release|Any CPU
		{7C0EAF2F-3982-4378-B179-DA88EA686AB5}.Debug|Any CPU.ActiveCfg = Debug|Any CPU
		{7C0EAF2F-3982-4378-B179-DA88EA686AB5}.Debug|Any CPU.Build.0 = Debug|Any CPU
		{7C0EAF2F-3982-4378-B179-DA88EA686AB5}.Release|Any CPU.ActiveCfg = Release|Any CPU
		{7C0EAF2F-3982-4378-B179-DA88EA686AB5}.Release|Any CPU.Build.0 = Release|Any CPU
	EndGlobalSection
	GlobalSection(SolutionProperties) = preSolution
		HideSolutionNode = FALSE
	EndGlobalSection
	GlobalSection(ExtensibilityGlobals) = postSolution
		SolutionGuid = {6676DC9F-77EB-4461-9266-233B130E47B9}
	EndGlobalSection
EndGlobal
