
Microsoft Visual Studio Solution File, Format Version 12.00
# Visual Studio Version 16
VisualStudioVersion = 16.0.29709.97
MinimumVisualStudioVersion = 10.0.40219.1
Project("{9A19103F-16F7-4668-BE54-9A1E7A4F7556}") = "Studio37Media.Server", "Studio37Media\Server\Studio37Media.Server.csproj", "{A7429E83-7603-4462-924A-204FDB65AC52}"
EndProject
Project("{9A19103F-16F7-4668-BE54-9A1E7A4F7556}") = "Studio37Media.Client", "Studio37Media\Client\Studio37Media.Client.csproj", "{460F6292-6182-42BE-969F-EB05C749D929}"
EndProject
Project("{9A19103F-16F7-4668-BE54-9A1E7A4F7556}") = "Studio37Media.Shared", "Studio37Media\Shared\Studio37Media.Shared.csproj", "{099789F7-67E9-46A1-BFA9-B8C60AA4519E}"
EndProject
Project("{FAE04EC0-301F-11D3-BF4B-00C04F79EFBC}") = "Studio37API", "Studio37API\Studio37API.csproj", "{16D17D65-10F1-4E41-99CA-02AEEB740A77}"
EndProject
Global
	GlobalSection(SolutionConfigurationPlatforms) = preSolution
		Debug|Any CPU = Debug|Any CPU
		Release|Any CPU = Release|Any CPU
	EndGlobalSection
	GlobalSection(ProjectConfigurationPlatforms) = postSolution
		{A7429E83-7603-4462-924A-204FDB65AC52}.Debug|Any CPU.ActiveCfg = Debug|Any CPU
		{A7429E83-7603-4462-924A-204FDB65AC52}.Debug|Any CPU.Build.0 = Debug|Any CPU
		{A7429E83-7603-4462-924A-204FDB65AC52}.Release|Any CPU.ActiveCfg = Release|Any CPU
		{A7429E83-7603-4462-924A-204FDB65AC52}.Release|Any CPU.Build.0 = Release|Any CPU
		{460F6292-6182-42BE-969F-EB05C749D929}.Debug|Any CPU.ActiveCfg = Debug|Any CPU
		{460F6292-6182-42BE-969F-EB05C749D929}.Debug|Any CPU.Build.0 = Debug|Any CPU
		{460F6292-6182-42BE-969F-EB05C749D929}.Release|Any CPU.ActiveCfg = Release|Any CPU
		{460F6292-6182-42BE-969F-EB05C749D929}.Release|Any CPU.Build.0 = Release|Any CPU
		{099789F7-67E9-46A1-BFA9-B8C60AA4519E}.Debug|Any CPU.ActiveCfg = Debug|Any CPU
		{099789F7-67E9-46A1-BFA9-B8C60AA4519E}.Debug|Any CPU.Build.0 = Debug|Any CPU
		{099789F7-67E9-46A1-BFA9-B8C60AA4519E}.Release|Any CPU.ActiveCfg = Release|Any CPU
		{099789F7-67E9-46A1-BFA9-B8C60AA4519E}.Release|Any CPU.Build.0 = Release|Any CPU
		{16D17D65-10F1-4E41-99CA-02AEEB740A77}.Debug|Any CPU.ActiveCfg = Debug|Any CPU
		{16D17D65-10F1-4E41-99CA-02AEEB740A77}.Debug|Any CPU.Build.0 = Debug|Any CPU
		{16D17D65-10F1-4E41-99CA-02AEEB740A77}.Release|Any CPU.ActiveCfg = Release|Any CPU
		{16D17D65-10F1-4E41-99CA-02AEEB740A77}.Release|Any CPU.Build.0 = Release|Any CPU
	EndGlobalSection
	GlobalSection(SolutionProperties) = preSolution
		HideSolutionNode = FALSE
	EndGlobalSection
	GlobalSection(ExtensibilityGlobals) = postSolution
		SolutionGuid = {6676DC9F-77EB-4461-9266-233B130E47B9}
	EndGlobalSection
EndGlobal
